
Microsoft Visual Studio Solution File, Format Version 12.00
# Visual Studio Version 16
VisualStudioVersion = 16.0.31019.35
MinimumVisualStudioVersion = 10.0.40219.1
Project("{FAE04EC0-301F-11D3-BF4B-00C04F79EFBC}") = "Swe2_tour_planer", "Swe2_tour_planer.csproj", "{6BAF2A65-0738-4A11-B1A9-DE872500090E}"
EndProject
Global
	GlobalSection(SolutionConfigurationPlatforms) = preSolution
		Debug|Any CPU = Debug|Any CPU
		Release|Any CPU = Release|Any CPU
	EndGlobalSection
	GlobalSection(ProjectConfigurationPlatforms) = postSolution
		{6BAF2A65-0738-4A11-B1A9-DE872500090E}.Debug|Any CPU.ActiveCfg = Debug|Any CPU
		{6BAF2A65-0738-4A11-B1A9-DE872500090E}.Debug|Any CPU.Build.0 = Debug|Any CPU
		{6BAF2A65-0738-4A11-B1A9-DE872500090E}.Release|Any CPU.ActiveCfg = Release|Any CPU
		{6BAF2A65-0738-4A11-B1A9-DE872500090E}.Release|Any CPU.Build.0 = Release|Any CPU
	EndGlobalSection
	GlobalSection(SolutionProperties) = preSolution
		HideSolutionNode = FALSE
	EndGlobalSection
	GlobalSection(ExtensibilityGlobals) = postSolution
		SolutionGuid = {4C52BFE5-6652-44DD-A2C0-D6754F519B9A}
	EndGlobalSection
EndGlobal
